// !$*UTF8*$!
{
	archiveVersion = 1;
	classes = {
	};
	objectVersion = 55;
	objects = {

/* Begin PBXBuildFile section */
		539C25C0279E12D400F65DD1 /* AppDelegate.swift in Sources */ = {isa = PBXBuildFile; fileRef = 539C25BF279E12D400F65DD1 /* AppDelegate.swift */; };
		539C25C2279E12D400F65DD1 /* SceneDelegate.swift in Sources */ = {isa = PBXBuildFile; fileRef = 539C25C1279E12D400F65DD1 /* SceneDelegate.swift */; };
		539C25C4279E12D400F65DD1 /* ViewController.swift in Sources */ = {isa = PBXBuildFile; fileRef = 539C25C3279E12D400F65DD1 /* ViewController.swift */; };
		539C25C7279E12D400F65DD1 /* Main.storyboard in Resources */ = {isa = PBXBuildFile; fileRef = 539C25C5279E12D400F65DD1 /* Main.storyboard */; };
		539C25C9279E12D500F65DD1 /* Assets.xcassets in Resources */ = {isa = PBXBuildFile; fileRef = 539C25C8279E12D500F65DD1 /* Assets.xcassets */; };
		539C25CC279E12D500F65DD1 /* LaunchScreen.storyboard in Resources */ = {isa = PBXBuildFile; fileRef = 539C25CA279E12D500F65DD1 /* LaunchScreen.storyboard */; };
		539C25DA279E1B9F00F65DD1 /* DataRequest.swift in Sources */ = {isa = PBXBuildFile; fileRef = 539C25D9279E1B9F00F65DD1 /* DataRequest.swift */; };
		539C25DC279E1BBB00F65DD1 /* NetworkService.swift in Sources */ = {isa = PBXBuildFile; fileRef = 539C25DB279E1BBB00F65DD1 /* NetworkService.swift */; };
		539C25DE279E1BE100F65DD1 /* CustomErrors.swift in Sources */ = {isa = PBXBuildFile; fileRef = 539C25DD279E1BE100F65DD1 /* CustomErrors.swift */; };
		539C25E0279E1BFE00F65DD1 /* NetworkConstants.swift in Sources */ = {isa = PBXBuildFile; fileRef = 539C25DF279E1BFE00F65DD1 /* NetworkConstants.swift */; };
		539C25E4279E1D4300F65DD1 /* WeatherResponse.swift in Sources */ = {isa = PBXBuildFile; fileRef = 539C25E3279E1D4300F65DD1 /* WeatherResponse.swift */; };
		539C25E6279E1D6100F65DD1 /* GetWeatherRequest.swift in Sources */ = {isa = PBXBuildFile; fileRef = 539C25E5279E1D6100F65DD1 /* GetWeatherRequest.swift */; };
		539C25E8279E1F2600F65DD1 /* String+Extension.swift in Sources */ = {isa = PBXBuildFile; fileRef = 539C25E7279E1F2600F65DD1 /* String+Extension.swift */; };
/* End PBXBuildFile section */

/* Begin PBXFileReference section */
		539C25BC279E12D400F65DD1 /* WeatherNearMe.app */ = {isa = PBXFileReference; explicitFileType = wrapper.application; includeInIndex = 0; path = WeatherNearMe.app; sourceTree = BUILT_PRODUCTS_DIR; };
		539C25BF279E12D400F65DD1 /* AppDelegate.swift */ = {isa = PBXFileReference; lastKnownFileType = sourcecode.swift; path = AppDelegate.swift; sourceTree = "<group>"; };
		539C25C1279E12D400F65DD1 /* SceneDelegate.swift */ = {isa = PBXFileReference; lastKnownFileType = sourcecode.swift; path = SceneDelegate.swift; sourceTree = "<group>"; };
		539C25C3279E12D400F65DD1 /* ViewController.swift */ = {isa = PBXFileReference; lastKnownFileType = sourcecode.swift; path = ViewController.swift; sourceTree = "<group>"; };
		539C25C6279E12D400F65DD1 /* Base */ = {isa = PBXFileReference; lastKnownFileType = file.storyboard; name = Base; path = Base.lproj/Main.storyboard; sourceTree = "<group>"; };
		539C25C8279E12D500F65DD1 /* Assets.xcassets */ = {isa = PBXFileReference; lastKnownFileType = folder.assetcatalog; path = Assets.xcassets; sourceTree = "<group>"; };
		539C25CB279E12D500F65DD1 /* Base */ = {isa = PBXFileReference; lastKnownFileType = file.storyboard; name = Base; path = Base.lproj/LaunchScreen.storyboard; sourceTree = "<group>"; };
		539C25CD279E12D600F65DD1 /* Info.plist */ = {isa = PBXFileReference; lastKnownFileType = text.plist.xml; path = Info.plist; sourceTree = "<group>"; };
		539C25D9279E1B9F00F65DD1 /* DataRequest.swift */ = {isa = PBXFileReference; lastKnownFileType = sourcecode.swift; path = DataRequest.swift; sourceTree = "<group>"; };
		539C25DB279E1BBB00F65DD1 /* NetworkService.swift */ = {isa = PBXFileReference; lastKnownFileType = sourcecode.swift; path = NetworkService.swift; sourceTree = "<group>"; };
		539C25DD279E1BE100F65DD1 /* CustomErrors.swift */ = {isa = PBXFileReference; lastKnownFileType = sourcecode.swift; path = CustomErrors.swift; sourceTree = "<group>"; };
		539C25DF279E1BFE00F65DD1 /* NetworkConstants.swift */ = {isa = PBXFileReference; lastKnownFileType = sourcecode.swift; path = NetworkConstants.swift; sourceTree = "<group>"; };
		539C25E3279E1D4300F65DD1 /* WeatherResponse.swift */ = {isa = PBXFileReference; lastKnownFileType = sourcecode.swift; path = WeatherResponse.swift; sourceTree = "<group>"; };
		539C25E5279E1D6100F65DD1 /* GetWeatherRequest.swift */ = {isa = PBXFileReference; lastKnownFileType = sourcecode.swift; path = GetWeatherRequest.swift; sourceTree = "<group>"; };
		539C25E7279E1F2600F65DD1 /* String+Extension.swift */ = {isa = PBXFileReference; lastKnownFileType = sourcecode.swift; path = "String+Extension.swift"; sourceTree = "<group>"; };
/* End PBXFileReference section */

/* Begin PBXFrameworksBuildPhase section */
		539C25B9279E12D400F65DD1 /* Frameworks */ = {
			isa = PBXFrameworksBuildPhase;
			buildActionMask = 2147483647;
			files = (
			);
			runOnlyForDeploymentPostprocessing = 0;
		};
/* End PBXFrameworksBuildPhase section */

/* Begin PBXGroup section */
		539C25B3279E12D400F65DD1 = {
			isa = PBXGroup;
			children = (
				539C25BE279E12D400F65DD1 /* WeatherNearMe */,
				539C25BD279E12D400F65DD1 /* Products */,
			);
			sourceTree = "<group>";
		};
		539C25BD279E12D400F65DD1 /* Products */ = {
			isa = PBXGroup;
			children = (
				539C25BC279E12D400F65DD1 /* WeatherNearMe.app */,
			);
			name = Products;
			sourceTree = "<group>";
		};
		539C25BE279E12D400F65DD1 /* WeatherNearMe */ = {
			isa = PBXGroup;
			children = (
				539C25D7279E134A00F65DD1 /* Networking */,
				539C25D6279E133600F65DD1 /* Common */,
				539C25D5279E132B00F65DD1 /* Presentation */,
				539C25D4279E132300F65DD1 /* Resources */,
				539C25D3279E131900F65DD1 /* Application */,
				539C25C3279E12D400F65DD1 /* ViewController.swift */,
				539C25C5279E12D400F65DD1 /* Main.storyboard */,
			);
			path = WeatherNearMe;
			sourceTree = "<group>";
		};
		539C25D3279E131900F65DD1 /* Application */ = {
			isa = PBXGroup;
			children = (
				539C25BF279E12D400F65DD1 /* AppDelegate.swift */,
				539C25C1279E12D400F65DD1 /* SceneDelegate.swift */,
			);
			path = Application;
			sourceTree = "<group>";
		};
		539C25D4279E132300F65DD1 /* Resources */ = {
			isa = PBXGroup;
			children = (
				539C25C8279E12D500F65DD1 /* Assets.xcassets */,
				539C25CA279E12D500F65DD1 /* LaunchScreen.storyboard */,
				539C25CD279E12D600F65DD1 /* Info.plist */,
			);
			path = Resources;
			sourceTree = "<group>";
		};
		539C25D5279E132B00F65DD1 /* Presentation */ = {
			isa = PBXGroup;
			children = (
			);
			path = Presentation;
			sourceTree = "<group>";
		};
		539C25D6279E133600F65DD1 /* Common */ = {
			isa = PBXGroup;
			children = (
				539C25D8279E1B6C00F65DD1 /* Extensions */,
			);
			path = Common;
			sourceTree = "<group>";
		};
		539C25D7279E134A00F65DD1 /* Networking */ = {
			isa = PBXGroup;
			children = (
				539C25E2279E1D2200F65DD1 /* Requests */,
				539C25E1279E1D0500F65DD1 /* ResponseModels */,
				539C25D9279E1B9F00F65DD1 /* DataRequest.swift */,
				539C25DB279E1BBB00F65DD1 /* NetworkService.swift */,
				539C25DD279E1BE100F65DD1 /* CustomErrors.swift */,
				539C25DF279E1BFE00F65DD1 /* NetworkConstants.swift */,
			);
			path = Networking;
			sourceTree = "<group>";
		};
		539C25D8279E1B6C00F65DD1 /* Extensions */ = {
			isa = PBXGroup;
			children = (
				539C25E7279E1F2600F65DD1 /* String+Extension.swift */,
			);
			path = Extensions;
			sourceTree = "<group>";
		};
		539C25E1279E1D0500F65DD1 /* ResponseModels */ = {
			isa = PBXGroup;
			children = (
				539C25E3279E1D4300F65DD1 /* WeatherResponse.swift */,
			);
			path = ResponseModels;
			sourceTree = "<group>";
		};
		539C25E2279E1D2200F65DD1 /* Requests */ = {
			isa = PBXGroup;
			children = (
				539C25E5279E1D6100F65DD1 /* GetWeatherRequest.swift */,
			);
			path = Requests;
			sourceTree = "<group>";
		};
/* End PBXGroup section */

/* Begin PBXNativeTarget section */
		539C25BB279E12D400F65DD1 /* WeatherNearMe */ = {
			isa = PBXNativeTarget;
			buildConfigurationList = 539C25D0279E12D600F65DD1 /* Build configuration list for PBXNativeTarget "WeatherNearMe" */;
			buildPhases = (
				539C25B8279E12D400F65DD1 /* Sources */,
				539C25B9279E12D400F65DD1 /* Frameworks */,
				539C25BA279E12D400F65DD1 /* Resources */,
			);
			buildRules = (
			);
			dependencies = (
			);
			name = WeatherNearMe;
			productName = WeatherNearMe;
			productReference = 539C25BC279E12D400F65DD1 /* WeatherNearMe.app */;
			productType = "com.apple.product-type.application";
		};
/* End PBXNativeTarget section */

/* Begin PBXProject section */
		539C25B4279E12D400F65DD1 /* Project object */ = {
			isa = PBXProject;
			attributes = {
				BuildIndependentTargetsInParallel = 1;
				LastSwiftUpdateCheck = 1300;
				LastUpgradeCheck = 1300;
				TargetAttributes = {
					539C25BB279E12D400F65DD1 = {
						CreatedOnToolsVersion = 13.0;
					};
				};
			};
			buildConfigurationList = 539C25B7279E12D400F65DD1 /* Build configuration list for PBXProject "WeatherNearMe" */;
			compatibilityVersion = "Xcode 13.0";
			developmentRegion = en;
			hasScannedForEncodings = 0;
			knownRegions = (
				en,
				Base,
			);
			mainGroup = 539C25B3279E12D400F65DD1;
			productRefGroup = 539C25BD279E12D400F65DD1 /* Products */;
			projectDirPath = "";
			projectRoot = "";
			targets = (
				539C25BB279E12D400F65DD1 /* WeatherNearMe */,
			);
		};
/* End PBXProject section */

/* Begin PBXResourcesBuildPhase section */
		539C25BA279E12D400F65DD1 /* Resources */ = {
			isa = PBXResourcesBuildPhase;
			buildActionMask = 2147483647;
			files = (
				539C25CC279E12D500F65DD1 /* LaunchScreen.storyboard in Resources */,
				539C25C9279E12D500F65DD1 /* Assets.xcassets in Resources */,
				539C25C7279E12D400F65DD1 /* Main.storyboard in Resources */,
			);
			runOnlyForDeploymentPostprocessing = 0;
		};
/* End PBXResourcesBuildPhase section */

/* Begin PBXSourcesBuildPhase section */
		539C25B8279E12D400F65DD1 /* Sources */ = {
			isa = PBXSourcesBuildPhase;
			buildActionMask = 2147483647;
			files = (
				539C25E0279E1BFE00F65DD1 /* NetworkConstants.swift in Sources */,
				539C25DC279E1BBB00F65DD1 /* NetworkService.swift in Sources */,
				539C25E6279E1D6100F65DD1 /* GetWeatherRequest.swift in Sources */,
				539C25DE279E1BE100F65DD1 /* CustomErrors.swift in Sources */,
				539C25C4279E12D400F65DD1 /* ViewController.swift in Sources */,
				539C25C0279E12D400F65DD1 /* AppDelegate.swift in Sources */,
				539C25C2279E12D400F65DD1 /* SceneDelegate.swift in Sources */,
				539C25DA279E1B9F00F65DD1 /* DataRequest.swift in Sources */,
				539C25E8279E1F2600F65DD1 /* String+Extension.swift in Sources */,
				539C25E4279E1D4300F65DD1 /* WeatherResponse.swift in Sources */,
			);
			runOnlyForDeploymentPostprocessing = 0;
		};
/* End PBXSourcesBuildPhase section */

/* Begin PBXVariantGroup section */
		539C25C5279E12D400F65DD1 /* Main.storyboard */ = {
			isa = PBXVariantGroup;
			children = (
				539C25C6279E12D400F65DD1 /* Base */,
			);
			name = Main.storyboard;
			sourceTree = "<group>";
		};
		539C25CA279E12D500F65DD1 /* LaunchScreen.storyboard */ = {
			isa = PBXVariantGroup;
			children = (
				539C25CB279E12D500F65DD1 /* Base */,
			);
			name = LaunchScreen.storyboard;
			sourceTree = "<group>";
		};
/* End PBXVariantGroup section */

/* Begin XCBuildConfiguration section */
		539C25CE279E12D600F65DD1 /* Debug */ = {
			isa = XCBuildConfiguration;
			buildSettings = {
				ALWAYS_SEARCH_USER_PATHS = NO;
				CLANG_ANALYZER_NONNULL = YES;
				CLANG_ANALYZER_NUMBER_OBJECT_CONVERSION = YES_AGGRESSIVE;
				CLANG_CXX_LANGUAGE_STANDARD = "gnu++17";
				CLANG_CXX_LIBRARY = "libc++";
				CLANG_ENABLE_MODULES = YES;
				CLANG_ENABLE_OBJC_ARC = YES;
				CLANG_ENABLE_OBJC_WEAK = YES;
				CLANG_WARN_BLOCK_CAPTURE_AUTORELEASING = YES;
				CLANG_WARN_BOOL_CONVERSION = YES;
				CLANG_WARN_COMMA = YES;
				CLANG_WARN_CONSTANT_CONVERSION = YES;
				CLANG_WARN_DEPRECATED_OBJC_IMPLEMENTATIONS = YES;
				CLANG_WARN_DIRECT_OBJC_ISA_USAGE = YES_ERROR;
				CLANG_WARN_DOCUMENTATION_COMMENTS = YES;
				CLANG_WARN_EMPTY_BODY = YES;
				CLANG_WARN_ENUM_CONVERSION = YES;
				CLANG_WARN_INFINITE_RECURSION = YES;
				CLANG_WARN_INT_CONVERSION = YES;
				CLANG_WARN_NON_LITERAL_NULL_CONVERSION = YES;
				CLANG_WARN_OBJC_IMPLICIT_RETAIN_SELF = YES;
				CLANG_WARN_OBJC_LITERAL_CONVERSION = YES;
				CLANG_WARN_OBJC_ROOT_CLASS = YES_ERROR;
				CLANG_WARN_QUOTED_INCLUDE_IN_FRAMEWORK_HEADER = YES;
				CLANG_WARN_RANGE_LOOP_ANALYSIS = YES;
				CLANG_WARN_STRICT_PROTOTYPES = YES;
				CLANG_WARN_SUSPICIOUS_MOVE = YES;
				CLANG_WARN_UNGUARDED_AVAILABILITY = YES_AGGRESSIVE;
				CLANG_WARN_UNREACHABLE_CODE = YES;
				CLANG_WARN__DUPLICATE_METHOD_MATCH = YES;
				COPY_PHASE_STRIP = NO;
				DEBUG_INFORMATION_FORMAT = dwarf;
				ENABLE_STRICT_OBJC_MSGSEND = YES;
				ENABLE_TESTABILITY = YES;
				GCC_C_LANGUAGE_STANDARD = gnu11;
				GCC_DYNAMIC_NO_PIC = NO;
				GCC_NO_COMMON_BLOCKS = YES;
				GCC_OPTIMIZATION_LEVEL = 0;
				GCC_PREPROCESSOR_DEFINITIONS = (
					"DEBUG=1",
					"$(inherited)",
				);
				GCC_WARN_64_TO_32_BIT_CONVERSION = YES;
				GCC_WARN_ABOUT_RETURN_TYPE = YES_ERROR;
				GCC_WARN_UNDECLARED_SELECTOR = YES;
				GCC_WARN_UNINITIALIZED_AUTOS = YES_AGGRESSIVE;
				GCC_WARN_UNUSED_FUNCTION = YES;
				GCC_WARN_UNUSED_VARIABLE = YES;
				IPHONEOS_DEPLOYMENT_TARGET = 15.0;
				MTL_ENABLE_DEBUG_INFO = INCLUDE_SOURCE;
				MTL_FAST_MATH = YES;
				ONLY_ACTIVE_ARCH = YES;
				SDKROOT = iphoneos;
				SWIFT_ACTIVE_COMPILATION_CONDITIONS = DEBUG;
				SWIFT_OPTIMIZATION_LEVEL = "-Onone";
			};
			name = Debug;
		};
		539C25CF279E12D600F65DD1 /* Release */ = {
			isa = XCBuildConfiguration;
			buildSettings = {
				ALWAYS_SEARCH_USER_PATHS = NO;
				CLANG_ANALYZER_NONNULL = YES;
				CLANG_ANALYZER_NUMBER_OBJECT_CONVERSION = YES_AGGRESSIVE;
				CLANG_CXX_LANGUAGE_STANDARD = "gnu++17";
				CLANG_CXX_LIBRARY = "libc++";
				CLANG_ENABLE_MODULES = YES;
				CLANG_ENABLE_OBJC_ARC = YES;
				CLANG_ENABLE_OBJC_WEAK = YES;
				CLANG_WARN_BLOCK_CAPTURE_AUTORELEASING = YES;
				CLANG_WARN_BOOL_CONVERSION = YES;
				CLANG_WARN_COMMA = YES;
				CLANG_WARN_CONSTANT_CONVERSION = YES;
				CLANG_WARN_DEPRECATED_OBJC_IMPLEMENTATIONS = YES;
				CLANG_WARN_DIRECT_OBJC_ISA_USAGE = YES_ERROR;
				CLANG_WARN_DOCUMENTATION_COMMENTS = YES;
				CLANG_WARN_EMPTY_BODY = YES;
				CLANG_WARN_ENUM_CONVERSION = YES;
				CLANG_WARN_INFINITE_RECURSION = YES;
				CLANG_WARN_INT_CONVERSION = YES;
				CLANG_WARN_NON_LITERAL_NULL_CONVERSION = YES;
				CLANG_WARN_OBJC_IMPLICIT_RETAIN_SELF = YES;
				CLANG_WARN_OBJC_LITERAL_CONVERSION = YES;
				CLANG_WARN_OBJC_ROOT_CLASS = YES_ERROR;
				CLANG_WARN_QUOTED_INCLUDE_IN_FRAMEWORK_HEADER = YES;
				CLANG_WARN_RANGE_LOOP_ANALYSIS = YES;
				CLANG_WARN_STRICT_PROTOTYPES = YES;
				CLANG_WARN_SUSPICIOUS_MOVE = YES;
				CLANG_WARN_UNGUARDED_AVAILABILITY = YES_AGGRESSIVE;
				CLANG_WARN_UNREACHABLE_CODE = YES;
				CLANG_WARN__DUPLICATE_METHOD_MATCH = YES;
				COPY_PHASE_STRIP = NO;
				DEBUG_INFORMATION_FORMAT = "dwarf-with-dsym";
				ENABLE_NS_ASSERTIONS = NO;
				ENABLE_STRICT_OBJC_MSGSEND = YES;
				GCC_C_LANGUAGE_STANDARD = gnu11;
				GCC_NO_COMMON_BLOCKS = YES;
				GCC_WARN_64_TO_32_BIT_CONVERSION = YES;
				GCC_WARN_ABOUT_RETURN_TYPE = YES_ERROR;
				GCC_WARN_UNDECLARED_SELECTOR = YES;
				GCC_WARN_UNINITIALIZED_AUTOS = YES_AGGRESSIVE;
				GCC_WARN_UNUSED_FUNCTION = YES;
				GCC_WARN_UNUSED_VARIABLE = YES;
				IPHONEOS_DEPLOYMENT_TARGET = 15.0;
				MTL_ENABLE_DEBUG_INFO = NO;
				MTL_FAST_MATH = YES;
				SDKROOT = iphoneos;
				SWIFT_COMPILATION_MODE = wholemodule;
				SWIFT_OPTIMIZATION_LEVEL = "-O";
				VALIDATE_PRODUCT = YES;
			};
			name = Release;
		};
		539C25D1279E12D600F65DD1 /* Debug */ = {
			isa = XCBuildConfiguration;
			buildSettings = {
				ASSETCATALOG_COMPILER_APPICON_NAME = AppIcon;
				ASSETCATALOG_COMPILER_GLOBAL_ACCENT_COLOR_NAME = AccentColor;
				CODE_SIGN_STYLE = Automatic;
				CURRENT_PROJECT_VERSION = 1;
				DEVELOPMENT_TEAM = T7HHTKHFK5;
				GENERATE_INFOPLIST_FILE = YES;
				INFOPLIST_FILE = WeatherNearMe/Resources/Info.plist;
				INFOPLIST_KEY_UIApplicationSupportsIndirectInputEvents = YES;
				INFOPLIST_KEY_UILaunchStoryboardName = LaunchScreen;
				INFOPLIST_KEY_UIMainStoryboardFile = Main;
				INFOPLIST_KEY_UISupportedInterfaceOrientations_iPad = "UIInterfaceOrientationPortrait UIInterfaceOrientationPortraitUpsideDown UIInterfaceOrientationLandscapeLeft UIInterfaceOrientationLandscapeRight";
				INFOPLIST_KEY_UISupportedInterfaceOrientations_iPhone = "UIInterfaceOrientationPortrait UIInterfaceOrientationLandscapeLeft UIInterfaceOrientationLandscapeRight";
				LD_RUNPATH_SEARCH_PATHS = (
					"$(inherited)",
					"@executable_path/Frameworks",
				);
				MARKETING_VERSION = 1.0;
				PRODUCT_BUNDLE_IDENTIFIER = com.ayubi.WeatherNearMe;
				PRODUCT_NAME = "$(TARGET_NAME)";
				SWIFT_EMIT_LOC_STRINGS = YES;
				SWIFT_VERSION = 5.0;
				TARGETED_DEVICE_FAMILY = 1;
			};
			name = Debug;
		};
		539C25D2279E12D600F65DD1 /* Release */ = {
			isa = XCBuildConfiguration;
			buildSettings = {
				ASSETCATALOG_COMPILER_APPICON_NAME = AppIcon;
				ASSETCATALOG_COMPILER_GLOBAL_ACCENT_COLOR_NAME = AccentColor;
				CODE_SIGN_STYLE = Automatic;
				CURRENT_PROJECT_VERSION = 1;
				DEVELOPMENT_TEAM = T7HHTKHFK5;
				GENERATE_INFOPLIST_FILE = YES;
				INFOPLIST_FILE = WeatherNearMe/Resources/Info.plist;
				INFOPLIST_KEY_UIApplicationSupportsIndirectInputEvents = YES;
				INFOPLIST_KEY_UILaunchStoryboardName = LaunchScreen;
				INFOPLIST_KEY_UIMainStoryboardFile = Main;
				INFOPLIST_KEY_UISupportedInterfaceOrientations_iPad = "UIInterfaceOrientationPortrait UIInterfaceOrientationPortraitUpsideDown UIInterfaceOrientationLandscapeLeft UIInterfaceOrientationLandscapeRight";
				INFOPLIST_KEY_UISupportedInterfaceOrientations_iPhone = "UIInterfaceOrientationPortrait UIInterfaceOrientationLandscapeLeft UIInterfaceOrientationLandscapeRight";
				LD_RUNPATH_SEARCH_PATHS = (
					"$(inherited)",
					"@executable_path/Frameworks",
				);
				MARKETING_VERSION = 1.0;
				PRODUCT_BUNDLE_IDENTIFIER = com.ayubi.WeatherNearMe;
				PRODUCT_NAME = "$(TARGET_NAME)";
				SWIFT_EMIT_LOC_STRINGS = YES;
				SWIFT_VERSION = 5.0;
				TARGETED_DEVICE_FAMILY = 1;
			};
			name = Release;
		};
/* End XCBuildConfiguration section */

/* Begin XCConfigurationList section */
		539C25B7279E12D400F65DD1 /* Build configuration list for PBXProject "WeatherNearMe" */ = {
			isa = XCConfigurationList;
			buildConfigurations = (
				539C25CE279E12D600F65DD1 /* Debug */,
				539C25CF279E12D600F65DD1 /* Release */,
			);
			defaultConfigurationIsVisible = 0;
			defaultConfigurationName = Release;
		};
		539C25D0279E12D600F65DD1 /* Build configuration list for PBXNativeTarget "WeatherNearMe" */ = {
			isa = XCConfigurationList;
			buildConfigurations = (
				539C25D1279E12D600F65DD1 /* Debug */,
				539C25D2279E12D600F65DD1 /* Release */,
			);
			defaultConfigurationIsVisible = 0;
			defaultConfigurationName = Release;
		};
/* End XCConfigurationList section */
	};
	rootObject = 539C25B4279E12D400F65DD1 /* Project object */;
}
